
Microsoft Visual Studio Solution File, Format Version 12.00
# Visual Studio Version 16
VisualStudioVersion = 16.0.33130.400
MinimumVisualStudioVersion = 10.0.40219.1
Project("{FAE04EC0-301F-11D3-BF4B-00C04F79EFBC}") = "onti2017v2", "onti2017v2\onti2017v2.csproj", "{7028E05F-C4A4-4C9A-9167-330CFFF95A0C}"
EndProject
Global
	GlobalSection(SolutionConfigurationPlatforms) = preSolution
		Debug|Any CPU = Debug|Any CPU
		Release|Any CPU = Release|Any CPU
	EndGlobalSection
	GlobalSection(ProjectConfigurationPlatforms) = postSolution
		{7028E05F-C4A4-4C9A-9167-330CFFF95A0C}.Debug|Any CPU.ActiveCfg = Debug|Any CPU
		{7028E05F-C4A4-4C9A-9167-330CFFF95A0C}.Debug|Any CPU.Build.0 = Debug|Any CPU
		{7028E05F-C4A4-4C9A-9167-330CFFF95A0C}.Release|Any CPU.ActiveCfg = Release|Any CPU
		{7028E05F-C4A4-4C9A-9167-330CFFF95A0C}.Release|Any CPU.Build.0 = Release|Any CPU
	EndGlobalSection
	GlobalSection(SolutionProperties) = preSolution
		HideSolutionNode = FALSE
	EndGlobalSection
	GlobalSection(ExtensibilityGlobals) = postSolution
		SolutionGuid = {40611778-7A45-40E7-BAC2-34C63F49C365}
	EndGlobalSection
EndGlobal
